
Microsoft Visual Studio Solution File, Format Version 12.00
# Visual Studio 15
VisualStudioVersion = 15.0.28307.168
MinimumVisualStudioVersion = 10.0.40219.1
Project("{8BC9CEB8-8B4A-11D0-8D11-00A0C91BC942}") = "ChatRoomServer", "ChatRoomServer\ChatRoomServer.vcxproj", "{CFC1379A-924E-4CD2-AC64-ABA1B7E28C7F}"
EndProject
Global
	GlobalSection(SolutionConfigurationPlatforms) = preSolution
		Debug|x64 = Debug|x64
		Debug|x86 = Debug|x86
		Release|x64 = Release|x64
		Release|x86 = Release|x86
	EndGlobalSection
	GlobalSection(ProjectConfigurationPlatforms) = postSolution
		{CFC1379A-924E-4CD2-AC64-ABA1B7E28C7F}.Debug|x64.ActiveCfg = Debug|x64
		{CFC1379A-924E-4CD2-AC64-ABA1B7E28C7F}.Debug|x64.Build.0 = Debug|x64
		{CFC1379A-924E-4CD2-AC64-ABA1B7E28C7F}.Debug|x86.ActiveCfg = Debug|Win32
		{CFC1379A-924E-4CD2-AC64-ABA1B7E28C7F}.Debug|x86.Build.0 = Debug|Win32
		{CFC1379A-924E-4CD2-AC64-ABA1B7E28C7F}.Release|x64.ActiveCfg = Release|x64
		{CFC1379A-924E-4CD2-AC64-ABA1B7E28C7F}.Release|x64.Build.0 = Release|x64
		{CFC1379A-924E-4CD2-AC64-ABA1B7E28C7F}.Release|x86.ActiveCfg = Release|Win32
		{CFC1379A-924E-4CD2-AC64-ABA1B7E28C7F}.Release|x86.Build.0 = Release|Win32
	EndGlobalSection
	GlobalSection(SolutionProperties) = preSolution
		HideSolutionNode = FALSE
	EndGlobalSection
	GlobalSection(ExtensibilityGlobals) = postSolution
		SolutionGuid = {9B6751FE-8323-40E5-B281-18203B6E918B}
	EndGlobalSection
EndGlobal
